
Microsoft Visual Studio Solution File, Format Version 12.00
# Visual Studio Version 17
VisualStudioVersion = 17.9.34607.119
MinimumVisualStudioVersion = 10.0.40219.1
Project("{FAE04EC0-301F-11D3-BF4B-00C04F79EFBC}") = "computer-graphics-lab1", "computer-graphics-lab1.csproj", "{32CCE716-5A63-412D-95F0-7C88B66D5099}"
EndProject
Global
	GlobalSection(SolutionConfigurationPlatforms) = preSolution
		Debug|Any CPU = Debug|Any CPU
		Release|Any CPU = Release|Any CPU
	EndGlobalSection
	GlobalSection(ProjectConfigurationPlatforms) = postSolution
		{32CCE716-5A63-412D-95F0-7C88B66D5099}.Debug|Any CPU.ActiveCfg = Debug|Any CPU
		{32CCE716-5A63-412D-95F0-7C88B66D5099}.Debug|Any CPU.Build.0 = Debug|Any CPU
		{32CCE716-5A63-412D-95F0-7C88B66D5099}.Release|Any CPU.ActiveCfg = Release|Any CPU
		{32CCE716-5A63-412D-95F0-7C88B66D5099}.Release|Any CPU.Build.0 = Release|Any CPU
	EndGlobalSection
	GlobalSection(SolutionProperties) = preSolution
		HideSolutionNode = FALSE
	EndGlobalSection
	GlobalSection(ExtensibilityGlobals) = postSolution
		SolutionGuid = {15A2B674-7D84-4C7D-93A9-F02B9DDE8AD0}
	EndGlobalSection
EndGlobal
